
Microsoft Visual Studio Solution File, Format Version 11.00
# Visual Studio 2010
Project("{FAE04EC0-301F-11D3-BF4B-00C04F79EFBC}") = "Gobang", "SucceedSoft.Gobang\Gobang.csproj", "{BE13D054-0930-4CEE-82FA-8A403B3C15D3}"
EndProject
Project("{FAE04EC0-301F-11D3-BF4B-00C04F79EFBC}") = "SucceedSoft.Common.Splashs", "SucceedSoft.Common.Splashs\SucceedSoft.Common.Splashs.csproj", "{1FBF2E45-F88C-45DD-B95F-CDFDBF2D654E}"
EndProject
Global
	GlobalSection(SolutionConfigurationPlatforms) = preSolution
		Debug|Any CPU = Debug|Any CPU
		Release|Any CPU = Release|Any CPU
	EndGlobalSection
	GlobalSection(ProjectConfigurationPlatforms) = postSolution
		{BE13D054-0930-4CEE-82FA-8A403B3C15D3}.Debug|Any CPU.ActiveCfg = Debug|Any CPU
		{BE13D054-0930-4CEE-82FA-8A403B3C15D3}.Debug|Any CPU.Build.0 = Debug|Any CPU
		{BE13D054-0930-4CEE-82FA-8A403B3C15D3}.Release|Any CPU.ActiveCfg = Release|Any CPU
		{BE13D054-0930-4CEE-82FA-8A403B3C15D3}.Release|Any CPU.Build.0 = Release|Any CPU
		{1FBF2E45-F88C-45DD-B95F-CDFDBF2D654E}.Debug|Any CPU.ActiveCfg = Debug|Any CPU
		{1FBF2E45-F88C-45DD-B95F-CDFDBF2D654E}.Debug|Any CPU.Build.0 = Debug|Any CPU
		{1FBF2E45-F88C-45DD-B95F-CDFDBF2D654E}.Release|Any CPU.ActiveCfg = Release|Any CPU
		{1FBF2E45-F88C-45DD-B95F-CDFDBF2D654E}.Release|Any CPU.Build.0 = Release|Any CPU
	EndGlobalSection
	GlobalSection(SolutionProperties) = preSolution
		HideSolutionNode = FALSE
	EndGlobalSection
EndGlobal
